{
  "name": "moorseapp",
  "lockfileVersion": 3,
  "requires": true,
  "packages": {
    "": {
      "dependencies": {
        "@progress/kendo-react-buttons": "^5.12.0",
        "@progress/kendo-react-layout": "^5.12.0",
        "js-yaml": "^4.1.0",
        "json-beautify": "^1.1.1",
        "or": "^0.2.0",
        "react": "^18.2.0",
        "react-dom": "^18.2.0",
        "react-json-view": "^1.21.3",
        "react-router-dom": "^6.9.0",
        "yaml": "^2.2.1"
      }
    },
    "node_modules/@babel/runtime": {
      "version": "7.21.0",
      "resolved": "https://registry.npmjs.org/@babel/runtime/-/runtime-7.21.0.tgz",
      "integrity": "sha512-xwII0//EObnq89Ji5AKYQaRYiW/nZ3llSv29d49IuxPhKbtJoLP+9QUUZ4nVragQVtaVGeZrpB+ZtG/Pdy/POw==",
      "dependencies": {
        "regenerator-runtime": "^0.13.11"
      },
      "engines": {
        "node": ">=6.9.0"
      }
    },
    "node_modules/@progress/kendo-draggable-common": {
      "version": "0.2.3",
      "resolved": "https://registry.npmjs.org/@progress/kendo-draggable-common/-/kendo-draggable-common-0.2.3.tgz",
      "integrity": "sha512-e1FraFsT7zwevswzZlQYL//K+fzmRUvkr/4emp51dzkARLDtGd95BtPNSoXYRG5xYHeueKBS75hzVwQI6Dm3Dg==",
      "dependencies": {
        "tslib": "^1.7.0"
      }
    },
    "node_modules/@progress/kendo-popup-common": {
      "version": "1.9.0",
      "resolved": "https://registry.npmjs.org/@progress/kendo-popup-common/-/kendo-popup-common-1.9.0.tgz",
      "integrity": "sha512-03FmQtRI2le3x78N1szlhtUkOyruq9aSf2SYCoyvd72mX9V9yAbqsoKByuFDazEbjHyHFkAmj32GrimWHevLCg=="
    },
    "node_modules/@progress/kendo-react-animation": {
      "version": "5.12.0",
      "resolved": "https://registry.npmjs.org/@progress/kendo-react-animation/-/kendo-react-animation-5.12.0.tgz",
      "integrity": "sha512-vTQSbZhvgydGODLd9GDV6zx5arPHzbjoRD0uJgf1+1qOJc6fKEfwNtN1RwhhlmTvjNmDQREXj+jb1P2EAXXgkA==",
      "dependencies": {
        "@progress/kendo-react-common": "5.12.0",
        "prop-types": "^15.6.0",
        "react-transition-group": "4.4.2"
      },
      "peerDependencies": {
        "@progress/kendo-licensing": "^1.3.0",
        "react": "^16.8.2 || ^17.0.0 || ^18.0.0",
        "react-dom": "^16.8.2 || ^17.0.0 || ^18.0.0"
      }
    },
    "node_modules/@progress/kendo-react-buttons": {
      "version": "5.12.0",
      "resolved": "https://registry.npmjs.org/@progress/kendo-react-buttons/-/kendo-react-buttons-5.12.0.tgz",
      "integrity": "sha512-ct4OT0TwtUlim13yfR928rPirZBhMEN+G/qPsByy09HxDF8+d27OiOu+REZ+5dKAzYxWEDVBjcn1JWlln2Ixrg==",
      "dependencies": {
        "@progress/kendo-react-common": "5.12.0",
        "@progress/kendo-react-popup": "5.12.0",
        "prop-types": "^15.6.0"
      },
      "peerDependencies": {
        "@progress/kendo-licensing": "^1.3.0",
        "@progress/kendo-svg-icons": "^1.0.0",
        "react": "^16.8.2 || ^17.0.0 || ^18.0.0",
        "react-dom": "^16.8.2 || ^17.0.0 || ^18.0.0"
      }
    },
    "node_modules/@progress/kendo-react-common": {
      "version": "5.12.0",
      "resolved": "https://registry.npmjs.org/@progress/kendo-react-common/-/kendo-react-common-5.12.0.tgz",
      "integrity": "sha512-gSgj2r1I3u+LHQuTRoixaqh2EoDkVrOZEXtMFXIs2QC2F3M/WYjCHNcHiNiKQHG5kpR4VREqUy+E0D1FG9DJ/g==",
      "dependencies": {
        "@progress/kendo-draggable-common": "^0.2.3",
        "prop-types": "^15.6.0"
      },
      "peerDependencies": {
        "@progress/kendo-licensing": "^1.3.0",
        "@progress/kendo-svg-icons": "^1.0.0",
        "react": "^16.8.2 || ^17.0.0 || ^18.0.0",
        "react-dom": "^16.8.2 || ^17.0.0 || ^18.0.0"
      }
    },
    "node_modules/@progress/kendo-react-layout": {
      "version": "5.12.0",
      "resolved": "https://registry.npmjs.org/@progress/kendo-react-layout/-/kendo-react-layout-5.12.0.tgz",
      "integrity": "sha512-Sgsfl0FVrS2LDi2PDsXv03sVavOGad2v6s1DdrIKcL9mpLkUsQ8YJEkNADbXrLih4yE9U1/+f1lPXXqbhQhXrA==",
      "dependencies": {
        "@progress/kendo-react-animation": "5.12.0",
        "@progress/kendo-react-common": "5.12.0",
        "@progress/kendo-react-popup": "5.12.0",
        "prop-types": "^15.6.0"
      },
      "peerDependencies": {
        "@progress/kendo-licensing": "^1.3.0",
        "@progress/kendo-react-intl": "^5.0.0",
        "@progress/kendo-react-progressbars": "^5.0.0",
        "@progress/kendo-svg-icons": "^1.0.0",
        "react": "^16.8.2 || ^17.0.0 || ^18.0.0",
        "react-dom": "^16.8.2 || ^17.0.0 || ^18.0.0"
      }
    },
    "node_modules/@progress/kendo-react-popup": {
      "version": "5.12.0",
      "resolved": "https://registry.npmjs.org/@progress/kendo-react-popup/-/kendo-react-popup-5.12.0.tgz",
      "integrity": "sha512-+nWKKP95VWXnhDStTAVumgy4f8gxN9tsJf6uzcfoxbHcrKJyXvgLJtgvtaqkeb/BdVfZhHrLubSXuBBEfqmPbw==",
      "dependencies": {
        "@progress/kendo-popup-common": "1.9.0",
        "@progress/kendo-react-common": "5.12.0",
        "prop-types": "^15.6.0"
      },
      "peerDependencies": {
        "@progress/kendo-licensing": "^1.3.0",
        "react": "^16.8.2 || ^17.0.0 || ^18.0.0",
        "react-dom": "^16.8.2 || ^17.0.0 || ^18.0.0"
      }
    },
    "node_modules/@remix-run/router": {
      "version": "1.4.0",
      "resolved": "https://registry.npmjs.org/@remix-run/router/-/router-1.4.0.tgz",
      "integrity": "sha512-BJ9SxXux8zAg991UmT8slpwpsd31K1dHHbD3Ba4VzD+liLQ4WAMSxQp2d2ZPRPfN0jN2NPRowcSSoM7lCaF08Q==",
      "engines": {
        "node": ">=14"
      }
    },
    "node_modules/argparse": {
      "version": "2.0.1",
      "resolved": "https://registry.npmjs.org/argparse/-/argparse-2.0.1.tgz",
      "integrity": "sha512-8+9WqebbFzpX9OR+Wa6O29asIogeRMzcGtAINdpMHHyAg10f05aSFVBbcEqGf/PXw1EjAZ+q2/bEBg3DvurK3Q=="
    },
    "node_modules/asap": {
      "version": "2.0.6",
      "resolved": "https://registry.npmjs.org/asap/-/asap-2.0.6.tgz",
      "integrity": "sha512-BSHWgDSAiKs50o2Re8ppvp3seVHXSRM44cdSsT9FfNEUUZLOGWVCsiWaRPWM1Znn+mqZ1OfVZ3z3DWEzSp7hRA=="
    },
    "node_modules/base16": {
      "version": "1.0.0",
      "resolved": "https://registry.npmjs.org/base16/-/base16-1.0.0.tgz",
      "integrity": "sha512-pNdYkNPiJUnEhnfXV56+sQy8+AaPcG3POZAUnwr4EeqCUZFz4u2PePbo3e5Gj4ziYPCWGUZT9RHisvJKnwFuBQ=="
    },
    "node_modules/cross-fetch": {
      "version": "3.1.5",
      "resolved": "https://registry.npmjs.org/cross-fetch/-/cross-fetch-3.1.5.tgz",
      "integrity": "sha512-lvb1SBsI0Z7GDwmuid+mU3kWVBwTVUbe7S0H52yaaAdQOXq2YktTCZdlAcNKFzE6QtRz0snpw9bNiPeOIkkQvw==",
      "dependencies": {
        "node-fetch": "2.6.7"
      }
    },
    "node_modules/csstype": {
      "version": "3.1.1",
      "resolved": "https://registry.npmjs.org/csstype/-/csstype-3.1.1.tgz",
      "integrity": "sha512-DJR/VvkAvSZW9bTouZue2sSxDwdTN92uHjqeKVm+0dAqdfNykRzQ95tay8aXMBAAPpUiq4Qcug2L7neoRh2Egw=="
    },
    "node_modules/dom-helpers": {
      "version": "5.2.1",
      "resolved": "https://registry.npmjs.org/dom-helpers/-/dom-helpers-5.2.1.tgz",
      "integrity": "sha512-nRCa7CK3VTrM2NmGkIy4cbK7IZlgBE/PYMn55rrXefr5xXDP0LdtfPnblFDoVdcAfslJ7or6iqAUnx0CCGIWQA==",
      "dependencies": {
        "@babel/runtime": "^7.8.7",
        "csstype": "^3.0.2"
      }
    },
    "node_modules/fbemitter": {
      "version": "3.0.0",
      "resolved": "https://registry.npmjs.org/fbemitter/-/fbemitter-3.0.0.tgz",
      "integrity": "sha512-KWKaceCwKQU0+HPoop6gn4eOHk50bBv/VxjJtGMfwmJt3D29JpN4H4eisCtIPA+a8GVBam+ldMMpMjJUvpDyHw==",
      "dependencies": {
        "fbjs": "^3.0.0"
      }
    },
    "node_modules/fbjs": {
      "version": "3.0.4",
      "resolved": "https://registry.npmjs.org/fbjs/-/fbjs-3.0.4.tgz",
      "integrity": "sha512-ucV0tDODnGV3JCnnkmoszb5lf4bNpzjv80K41wd4k798Etq+UYD0y0TIfalLjZoKgjive6/adkRnszwapiDgBQ==",
      "dependencies": {
        "cross-fetch": "^3.1.5",
        "fbjs-css-vars": "^1.0.0",
        "loose-envify": "^1.0.0",
        "object-assign": "^4.1.0",
        "promise": "^7.1.1",
        "setimmediate": "^1.0.5",
        "ua-parser-js": "^0.7.30"
      }
    },
    "node_modules/fbjs-css-vars": {
      "version": "1.0.2",
      "resolved": "https://registry.npmjs.org/fbjs-css-vars/-/fbjs-css-vars-1.0.2.tgz",
      "integrity": "sha512-b2XGFAFdWZWg0phtAWLHCk836A1Xann+I+Dgd3Gk64MHKZO44FfoD1KxyvbSh0qZsIoXQGGlVztIY+oitJPpRQ=="
    },
    "node_modules/flux": {
      "version": "4.0.4",
      "resolved": "https://registry.npmjs.org/flux/-/flux-4.0.4.tgz",
      "integrity": "sha512-NCj3XlayA2UsapRpM7va6wU1+9rE5FIL7qoMcmxWHRzbp0yujihMBm9BBHZ1MDIk5h5o2Bl6eGiCe8rYELAmYw==",
      "dependencies": {
        "fbemitter": "^3.0.0",
        "fbjs": "^3.0.1"
      },
      "peerDependencies": {
        "react": "^15.0.2 || ^16.0.0 || ^17.0.0"
      }
    },
    "node_modules/js-tokens": {
      "version": "4.0.0",
      "resolved": "https://registry.npmjs.org/js-tokens/-/js-tokens-4.0.0.tgz",
      "integrity": "sha512-RdJUflcE3cUzKiMqQgsCu06FPu9UdIJO0beYbPhHN4k6apgJtifcoCtT9bcxOpYBtpD2kCM6Sbzg4CausW/PKQ=="
    },
    "node_modules/js-yaml": {
      "version": "4.1.0",
      "resolved": "https://registry.npmjs.org/js-yaml/-/js-yaml-4.1.0.tgz",
      "integrity": "sha512-wpxZs9NoxZaJESJGIZTyDEaYpl0FKSA+FB9aJiyemKhMwkxQg63h4T1KJgUGHpTqPDNRcmmYLugrRjJlBtWvRA==",
      "dependencies": {
        "argparse": "^2.0.1"
      },
      "bin": {
        "js-yaml": "bin/js-yaml.js"
      }
    },
    "node_modules/json-beautify": {
      "version": "1.1.1",
      "resolved": "https://registry.npmjs.org/json-beautify/-/json-beautify-1.1.1.tgz",
      "integrity": "sha512-17j+Hk2lado0xqKtUcyAjK0AtoHnPSIgktWRsEXgdFQFG9UnaGw6CHa0J7xsvulxRpFl6CrkDFHght1p5ZJc4A==",
      "bin": {
        "json-beautify": "bin/json-beautify"
      }
    },
    "node_modules/lodash.curry": {
      "version": "4.1.1",
      "resolved": "https://registry.npmjs.org/lodash.curry/-/lodash.curry-4.1.1.tgz",
      "integrity": "sha512-/u14pXGviLaweY5JI0IUzgzF2J6Ne8INyzAZjImcryjgkZ+ebruBxy2/JaOOkTqScddcYtakjhSaeemV8lR0tA=="
    },
    "node_modules/lodash.flow": {
      "version": "3.5.0",
      "resolved": "https://registry.npmjs.org/lodash.flow/-/lodash.flow-3.5.0.tgz",
      "integrity": "sha512-ff3BX/tSioo+XojX4MOsOMhJw0nZoUEF011LX8g8d3gvjVbxd89cCio4BCXronjxcTUIJUoqKEUA+n4CqvvRPw=="
    },
    "node_modules/loose-envify": {
      "version": "1.4.0",
      "resolved": "https://registry.npmjs.org/loose-envify/-/loose-envify-1.4.0.tgz",
      "integrity": "sha512-lyuxPGr/Wfhrlem2CL/UcnUc1zcqKAImBDzukY7Y5F/yQiNdko6+fRLevlw1HgMySw7f611UIY408EtxRSoK3Q==",
      "dependencies": {
        "js-tokens": "^3.0.0 || ^4.0.0"
      },
      "bin": {
        "loose-envify": "cli.js"
      }
    },
    "node_modules/node-fetch": {
      "version": "2.6.7",
      "resolved": "https://registry.npmjs.org/node-fetch/-/node-fetch-2.6.7.tgz",
      "integrity": "sha512-ZjMPFEfVx5j+y2yF35Kzx5sF7kDzxuDj6ziH4FFbOp87zKDZNx8yExJIb05OGF4Nlt9IHFIMBkRl41VdvcNdbQ==",
      "dependencies": {
        "whatwg-url": "^5.0.0"
      },
      "engines": {
        "node": "4.x || >=6.0.0"
      },
      "peerDependencies": {
        "encoding": "^0.1.0"
      },
      "peerDependenciesMeta": {
        "encoding": {
          "optional": true
        }
      }
    },
    "node_modules/object-assign": {
      "version": "4.1.1",
      "resolved": "https://registry.npmjs.org/object-assign/-/object-assign-4.1.1.tgz",
      "integrity": "sha512-rJgTQnkUnH1sFw8yT6VSU3zD3sWmu6sZhIseY8VX+GRu3P6F7Fu+JNDoXfklElbLJSnc3FUQHVe4cU5hj+BcUg==",
      "engines": {
        "node": ">=0.10.0"
      }
    },
    "node_modules/or": {
      "version": "0.2.0",
      "resolved": "https://registry.npmjs.org/or/-/or-0.2.0.tgz",
      "integrity": "sha512-BHB8VZq2isxkyRaCBZ6CZCbQBzCT+gy8LPiqdbMH1+Fd6biFj3v8ebjeYzzL51PbsApsPYnGegGTO6KLQMxxDw==",
      "engines": {
        "node": "*"
      }
    },
    "node_modules/promise": {
      "version": "7.3.1",
      "resolved": "https://registry.npmjs.org/promise/-/promise-7.3.1.tgz",
      "integrity": "sha512-nolQXZ/4L+bP/UGlkfaIujX9BKxGwmQ9OT4mOt5yvy8iK1h3wqTEJCijzGANTCCl9nWjY41juyAn2K3Q1hLLTg==",
      "dependencies": {
        "asap": "~2.0.3"
      }
    },
    "node_modules/prop-types": {
      "version": "15.8.1",
      "resolved": "https://registry.npmjs.org/prop-types/-/prop-types-15.8.1.tgz",
      "integrity": "sha512-oj87CgZICdulUohogVAR7AjlC0327U4el4L6eAvOqCeudMDVU0NThNaV+b9Df4dXgSP1gXMTnPdhfe/2qDH5cg==",
      "dependencies": {
        "loose-envify": "^1.4.0",
        "object-assign": "^4.1.1",
        "react-is": "^16.13.1"
      }
    },
    "node_modules/pure-color": {
      "version": "1.3.0",
      "resolved": "https://registry.npmjs.org/pure-color/-/pure-color-1.3.0.tgz",
      "integrity": "sha512-QFADYnsVoBMw1srW7OVKEYjG+MbIa49s54w1MA1EDY6r2r/sTcKKYqRX1f4GYvnXP7eN/Pe9HFcX+hwzmrXRHA=="
    },
    "node_modules/react": {
      "version": "18.2.0",
      "resolved": "https://registry.npmjs.org/react/-/react-18.2.0.tgz",
      "integrity": "sha512-/3IjMdb2L9QbBdWiW5e3P2/npwMBaU9mHCSCUzNln0ZCYbcfTsGbTJrU/kGemdH2IWmB2ioZ+zkxtmq6g09fGQ==",
      "dependencies": {
        "loose-envify": "^1.1.0"
      },
      "engines": {
        "node": ">=0.10.0"
      }
    },
    "node_modules/react-base16-styling": {
      "version": "0.6.0",
      "resolved": "https://registry.npmjs.org/react-base16-styling/-/react-base16-styling-0.6.0.tgz",
      "integrity": "sha512-yvh/7CArceR/jNATXOKDlvTnPKPmGZz7zsenQ3jUwLzHkNUR0CvY3yGYJbWJ/nnxsL8Sgmt5cO3/SILVuPO6TQ==",
      "dependencies": {
        "base16": "^1.0.0",
        "lodash.curry": "^4.0.1",
        "lodash.flow": "^3.3.0",
        "pure-color": "^1.2.0"
      }
    },
    "node_modules/react-dom": {
      "version": "18.2.0",
      "resolved": "https://registry.npmjs.org/react-dom/-/react-dom-18.2.0.tgz",
      "integrity": "sha512-6IMTriUmvsjHUjNtEDudZfuDQUoWXVxKHhlEGSk81n4YFS+r/Kl99wXiwlVXtPBtJenozv2P+hxDsw9eA7Xo6g==",
      "dependencies": {
        "loose-envify": "^1.1.0",
        "scheduler": "^0.23.0"
      },
      "peerDependencies": {
        "react": "^18.2.0"
      }
    },
    "node_modules/react-is": {
      "version": "16.13.1",
      "resolved": "https://registry.npmjs.org/react-is/-/react-is-16.13.1.tgz",
      "integrity": "sha512-24e6ynE2H+OKt4kqsOvNd8kBpV65zoxbA4BVsEOB3ARVWQki/DHzaUoC5KuON/BiccDaCCTZBuOcfZs70kR8bQ=="
    },
    "node_modules/react-json-view": {
      "version": "1.21.3",
      "resolved": "https://registry.npmjs.org/react-json-view/-/react-json-view-1.21.3.tgz",
      "integrity": "sha512-13p8IREj9/x/Ye4WI/JpjhoIwuzEgUAtgJZNBJckfzJt1qyh24BdTm6UQNGnyTq9dapQdrqvquZTo3dz1X6Cjw==",
      "dependencies": {
        "flux": "^4.0.1",
        "react-base16-styling": "^0.6.0",
        "react-lifecycles-compat": "^3.0.4",
        "react-textarea-autosize": "^8.3.2"
      },
      "peerDependencies": {
        "react": "^17.0.0 || ^16.3.0 || ^15.5.4",
        "react-dom": "^17.0.0 || ^16.3.0 || ^15.5.4"
      }
    },
    "node_modules/react-lifecycles-compat": {
      "version": "3.0.4",
      "resolved": "https://registry.npmjs.org/react-lifecycles-compat/-/react-lifecycles-compat-3.0.4.tgz",
      "integrity": "sha512-fBASbA6LnOU9dOU2eW7aQ8xmYBSXUIWr+UmF9b1efZBazGNO+rcXT/icdKnYm2pTwcRylVUYwW7H1PHfLekVzA=="
    },
    "node_modules/react-router": {
      "version": "6.9.0",
      "resolved": "https://registry.npmjs.org/react-router/-/react-router-6.9.0.tgz",
      "integrity": "sha512-51lKevGNUHrt6kLuX3e/ihrXoXCa9ixY/nVWRLlob4r/l0f45x3SzBvYJe3ctleLUQQ5fVa4RGgJOTH7D9Umhw==",
      "dependencies": {
        "@remix-run/router": "1.4.0"
      },
      "engines": {
        "node": ">=14"
      },
      "peerDependencies": {
        "react": ">=16.8"
      }
    },
    "node_modules/react-router-dom": {
      "version": "6.9.0",
      "resolved": "https://registry.npmjs.org/react-router-dom/-/react-router-dom-6.9.0.tgz",
      "integrity": "sha512-/seUAPY01VAuwkGyVBPCn1OXfVbaWGGu4QN9uj0kCPcTyNYgL1ldZpxZUpRU7BLheKQI4Twtl/OW2nHRF1u26Q==",
      "dependencies": {
        "@remix-run/router": "1.4.0",
        "react-router": "6.9.0"
      },
      "engines": {
        "node": ">=14"
      },
      "peerDependencies": {
        "react": ">=16.8",
        "react-dom": ">=16.8"
      }
    },
    "node_modules/react-textarea-autosize": {
      "version": "8.4.1",
      "resolved": "https://registry.npmjs.org/react-textarea-autosize/-/react-textarea-autosize-8.4.1.tgz",
      "integrity": "sha512-aD2C+qK6QypknC+lCMzteOdIjoMbNlgSFmJjCV+DrfTPwp59i/it9mMNf2HDzvRjQgKAyBDPyLJhcrzElf2U4Q==",
      "dependencies": {
        "@babel/runtime": "^7.20.13",
        "use-composed-ref": "^1.3.0",
        "use-latest": "^1.2.1"
      },
      "engines": {
        "node": ">=10"
      },
      "peerDependencies": {
        "react": "^16.8.0 || ^17.0.0 || ^18.0.0"
      }
    },
    "node_modules/react-transition-group": {
      "version": "4.4.2",
      "resolved": "https://registry.npmjs.org/react-transition-group/-/react-transition-group-4.4.2.tgz",
      "integrity": "sha512-/RNYfRAMlZwDSr6z4zNKV6xu53/e2BuaBbGhbyYIXTrmgu/bGHzmqOs7mJSJBHy9Ud+ApHx3QjrkKSp1pxvlFg==",
      "dependencies": {
        "@babel/runtime": "^7.5.5",
        "dom-helpers": "^5.0.1",
        "loose-envify": "^1.4.0",
        "prop-types": "^15.6.2"
      },
      "peerDependencies": {
        "react": ">=16.6.0",
        "react-dom": ">=16.6.0"
      }
    },
    "node_modules/regenerator-runtime": {
      "version": "0.13.11",
      "resolved": "https://registry.npmjs.org/regenerator-runtime/-/regenerator-runtime-0.13.11.tgz",
      "integrity": "sha512-kY1AZVr2Ra+t+piVaJ4gxaFaReZVH40AKNo7UCX6W+dEwBo/2oZJzqfuN1qLq1oL45o56cPaTXELwrTh8Fpggg=="
    },
    "node_modules/scheduler": {
      "version": "0.23.0",
      "resolved": "https://registry.npmjs.org/scheduler/-/scheduler-0.23.0.tgz",
      "integrity": "sha512-CtuThmgHNg7zIZWAXi3AsyIzA3n4xx7aNyjwC2VJldO2LMVDhFK+63xGqq6CsJH4rTAt6/M+N4GhZiDYPx9eUw==",
      "dependencies": {
        "loose-envify": "^1.1.0"
      }
    },
    "node_modules/setimmediate": {
      "version": "1.0.5",
      "resolved": "https://registry.npmjs.org/setimmediate/-/setimmediate-1.0.5.tgz",
      "integrity": "sha512-MATJdZp8sLqDl/68LfQmbP8zKPLQNV6BIZoIgrscFDQ+RsvK/BxeDQOgyxKKoh0y/8h3BqVFnCqQ/gd+reiIXA=="
    },
    "node_modules/tr46": {
      "version": "0.0.3",
      "resolved": "https://registry.npmjs.org/tr46/-/tr46-0.0.3.tgz",
      "integrity": "sha512-N3WMsuqV66lT30CrXNbEjx4GEwlow3v6rr4mCcv6prnfwhS01rkgyFdjPNBYd9br7LpXV1+Emh01fHnq2Gdgrw=="
    },
    "node_modules/tslib": {
      "version": "1.14.1",
      "resolved": "https://registry.npmjs.org/tslib/-/tslib-1.14.1.tgz",
      "integrity": "sha512-Xni35NKzjgMrwevysHTCArtLDpPvye8zV/0E4EyYn43P7/7qvQwPh9BGkHewbMulVntbigmcT7rdX3BNo9wRJg=="
    },
    "node_modules/ua-parser-js": {
      "version": "0.7.34",
      "resolved": "https://registry.npmjs.org/ua-parser-js/-/ua-parser-js-0.7.34.tgz",
      "integrity": "sha512-cJMeh/eOILyGu0ejgTKB95yKT3zOenSe9UGE3vj6WfiOwgGYnmATUsnDixMFvdU+rNMvWih83hrUP8VwhF9yXQ==",
      "funding": [
        {
          "type": "opencollective",
          "url": "https://opencollective.com/ua-parser-js"
        },
        {
          "type": "paypal",
          "url": "https://paypal.me/faisalman"
        }
      ],
      "engines": {
        "node": "*"
      }
    },
    "node_modules/use-composed-ref": {
      "version": "1.3.0",
      "resolved": "https://registry.npmjs.org/use-composed-ref/-/use-composed-ref-1.3.0.tgz",
      "integrity": "sha512-GLMG0Jc/jiKov/3Ulid1wbv3r54K9HlMW29IWcDFPEqFkSO2nS0MuefWgMJpeHQ9YJeXDL3ZUF+P3jdXlZX/cQ==",
      "peerDependencies": {
        "react": "^16.8.0 || ^17.0.0 || ^18.0.0"
      }
    },
    "node_modules/use-isomorphic-layout-effect": {
      "version": "1.1.2",
      "resolved": "https://registry.npmjs.org/use-isomorphic-layout-effect/-/use-isomorphic-layout-effect-1.1.2.tgz",
      "integrity": "sha512-49L8yCO3iGT/ZF9QttjwLF/ZD9Iwto5LnH5LmEdk/6cFmXddqi2ulF0edxTwjj+7mqvpVVGQWvbXZdn32wRSHA==",
      "peerDependencies": {
        "react": "^16.8.0 || ^17.0.0 || ^18.0.0"
      },
      "peerDependenciesMeta": {
        "@types/react": {
          "optional": true
        }
      }
    },
    "node_modules/use-latest": {
      "version": "1.2.1",
      "resolved": "https://registry.npmjs.org/use-latest/-/use-latest-1.2.1.tgz",
      "integrity": "sha512-xA+AVm/Wlg3e2P/JiItTziwS7FK92LWrDB0p+hgXloIMuVCeJJ8v6f0eeHyPZaJrM+usM1FkFfbNCrJGs8A/zw==",
      "dependencies": {
        "use-isomorphic-layout-effect": "^1.1.1"
      },
      "peerDependencies": {
        "react": "^16.8.0 || ^17.0.0 || ^18.0.0"
      },
      "peerDependenciesMeta": {
        "@types/react": {
          "optional": true
        }
      }
    },
    "node_modules/webidl-conversions": {
      "version": "3.0.1",
      "resolved": "https://registry.npmjs.org/webidl-conversions/-/webidl-conversions-3.0.1.tgz",
      "integrity": "sha512-2JAn3z8AR6rjK8Sm8orRC0h/bcl/DqL7tRPdGZ4I1CjdF+EaMLmYxBHyXuKL849eucPFhvBoxMsflfOb8kxaeQ=="
    },
    "node_modules/whatwg-url": {
      "version": "5.0.0",
      "resolved": "https://registry.npmjs.org/whatwg-url/-/whatwg-url-5.0.0.tgz",
      "integrity": "sha512-saE57nupxk6v3HY35+jzBwYa0rKSy0XR8JSxZPwgLr7ys0IBzhGviA1/TUGJLmSVqs8pb9AnvICXEuOHLprYTw==",
      "dependencies": {
        "tr46": "~0.0.3",
        "webidl-conversions": "^3.0.0"
      }
    },
    "node_modules/yaml": {
      "version": "2.2.1",
      "resolved": "https://registry.npmjs.org/yaml/-/yaml-2.2.1.tgz",
      "integrity": "sha512-e0WHiYql7+9wr4cWMx3TVQrNwejKaEe7/rHNmQmqRjazfOP5W8PB6Jpebb5o6fIapbz9o9+2ipcaTM2ZwDI6lw==",
      "engines": {
        "node": ">= 14"
      }
    }
  }
}
